
Microsoft Visual Studio Solution File, Format Version 12.00
# Visual Studio Version 16
VisualStudioVersion = 16.0.31729.503
MinimumVisualStudioVersion = 10.0.40219.1
Project("{9A19103F-16F7-4668-BE54-9A1E7A4F7556}") = "AI_Analiz", "AI_Analiz\AI_Analiz.csproj", "{0612D281-CA52-4586-87DB-B36DEEE286B1}"
EndProject
Project("{9A19103F-16F7-4668-BE54-9A1E7A4F7556}") = "MLModel1_ConsoleApp1", "MLModel1_ConsoleApp1\MLModel1_ConsoleApp1.csproj", "{305DBB50-F375-4776-8CAE-0F55C65B8394}"
EndProject
Global
	GlobalSection(SolutionConfigurationPlatforms) = preSolution
		Debug|Any CPU = Debug|Any CPU
		Release|Any CPU = Release|Any CPU
	EndGlobalSection
	GlobalSection(ProjectConfigurationPlatforms) = postSolution
		{0612D281-CA52-4586-87DB-B36DEEE286B1}.Debug|Any CPU.ActiveCfg = Debug|Any CPU
		{0612D281-CA52-4586-87DB-B36DEEE286B1}.Debug|Any CPU.Build.0 = Debug|Any CPU
		{0612D281-CA52-4586-87DB-B36DEEE286B1}.Release|Any CPU.ActiveCfg = Release|Any CPU
		{0612D281-CA52-4586-87DB-B36DEEE286B1}.Release|Any CPU.Build.0 = Release|Any CPU
		{305DBB50-F375-4776-8CAE-0F55C65B8394}.Debug|Any CPU.ActiveCfg = Debug|Any CPU
		{305DBB50-F375-4776-8CAE-0F55C65B8394}.Debug|Any CPU.Build.0 = Debug|Any CPU
		{305DBB50-F375-4776-8CAE-0F55C65B8394}.Release|Any CPU.ActiveCfg = Release|Any CPU
		{305DBB50-F375-4776-8CAE-0F55C65B8394}.Release|Any CPU.Build.0 = Release|Any CPU
	EndGlobalSection
	GlobalSection(SolutionProperties) = preSolution
		HideSolutionNode = FALSE
	EndGlobalSection
	GlobalSection(ExtensibilityGlobals) = postSolution
		SolutionGuid = {E6211E0F-018A-4FA7-BB15-0C3126153E8E}
	EndGlobalSection
EndGlobal
